github.com/go-nlp/dmmclust v1.1.0 h1:IZec2aicGkiE9/zF7kUvoiOV9lHg3f9oudnpxnzhI3g=
github.com/go-nlp/dmmclust v1.1.0/go.mod h1:L145edww8hypgDCrG50JKyoyH4+tBNGXPKfOVMR5s6E=
github.com/grokify/mogo v0.66.4 h1:gA8snXmuhRTseZXVAehjNbhklPR14xlGt98M3fAyvKk=
github.com/grokify/mogo v0.66.4/go.mod h1:tjp3ilgEOTTtCifK9D7NpxS42I3dNb5Hy0blVLggPts=
github.com/huandu/xstrings v1.5.0 h1:2ag3IFq9ZDANvthTwTiqSSZLjDc+BedvHPAp5tJy2TI=
github.com/huandu/xstrings v1.5.0/go.mod h1:y5/lhBue+AyNmUVz9RLU9xbLR0o4KIIExikq4ovT0aE=
github.com/pkg/errors v0.9.1 h1:FEBLx1zS214owpjy7qsBeixbURkuhQAwrK5UwLGTwt4=
github.com/pkg/errors v0.9.1/go.mod h1:bwawxfHBFNV+L2hUp1rHADufV3IMtnDRdf1r5NINEl0=
github.com/xtgo/set v1.0.0 h1:6BCNBRv3ORNDQ7fyoJXRv+tstJz3m1JVFQErfeZz2pY=
github.com/xtgo/set v1.0.0/go.mod h1:d3NHzGzSa0NmB2NhFyECA+QdRp29oEn2xbT+TpeFoM8=
golang.org/x/exp v0.0.0-20241217172543-b2144cdd0a67 h1:1UoZQm6f0P/ZO0w1Ri+f+ifG/gXhegadRdwBIXEFWDo=
golang.org/x/exp v0.0.0-20241217172543-b2144cdd0a67/go.mod h1:qj5a5QZpwLU2NLQudwIN5koi3beDhSAlJwa67PuM98c=
golang.org/x/text v0.21.0 h1:zyQAAkrwaneQ066sspRyJaG9VNi/YJ1NfzcGB3hZ/qo=
golang.org/x/text v0.21.0/go.mod h1:4IBbMaMmOPCJ8SecivzSH54+73PCFmPWxNTLm+vZkEQ=
gorgonia.org/randomkit v0.0.0-20171208034731-cc201d97d388 h1:+myHMRwHDh9XIuRP9UfHnkh83nUiffp5PTdCkHfeLgQ=
gorgonia.org/randomkit v0.0.0-20171208034731-cc201d97d388/go.mod h1:gdccVeARzKw/VxtT+6PNuu3LuNLVsFNFudea7qAH8W8=
