github.com/go-nlp/dmmclust v1.1.0 h1:IZec2aicGkiE9/zF7kUvoiOV9lHg3f9oudnpxnzhI3g=
github.com/go-nlp/dmmclust v1.1.0/go.mod h1:L145edww8hypgDCrG50JKyoyH4+tBNGXPKfOVMR5s6E=
github.com/grokify/mogo v0.41.1 h1:ZZBi4Pcap5jOygVrUHE0R6qniEwjl+7YlX8pTjUPq2o=
github.com/grokify/mogo v0.41.1/go.mod h1:V3nkl9GT44dyFZJYetSfFMj/4hqRMBCtoWUXDC6yVJw=
github.com/huandu/xstrings v1.3.3 h1:/Gcsuc1x8JVbJ9/rlye4xZnVAbEkGauT8lbebqcQws4=
github.com/huandu/xstrings v1.3.3/go.mod h1:y5/lhBue+AyNmUVz9RLU9xbLR0o4KIIExikq4ovT0aE=
github.com/pkg/errors v0.8.1 h1:iURUrRGxPUNPdy5/HRSm+Yj6okJ6UtLINN0Q9M4+h3I=
github.com/pkg/errors v0.8.1/go.mod h1:bwawxfHBFNV+L2hUp1rHADufV3IMtnDRdf1r5NINEl0=
github.com/xtgo/set v1.0.0 h1:6BCNBRv3ORNDQ7fyoJXRv+tstJz3m1JVFQErfeZz2pY=
github.com/xtgo/set v1.0.0/go.mod h1:d3NHzGzSa0NmB2NhFyECA+QdRp29oEn2xbT+TpeFoM8=
golang.org/x/exp v0.0.0-20221111204811-129d8d6c17ab h1:1S7USr8/C0Sgk4egxq4zZ07zYt2Xh1IiFp8hUMXH/us=
golang.org/x/exp v0.0.0-20221111204811-129d8d6c17ab/go.mod h1:CxIveKay+FTh1D0yPZemJVgC/95VzuuOLq5Qi4xnoYc=
gorgonia.org/randomkit v0.0.0-20171208034731-cc201d97d388 h1:+myHMRwHDh9XIuRP9UfHnkh83nUiffp5PTdCkHfeLgQ=
gorgonia.org/randomkit v0.0.0-20171208034731-cc201d97d388/go.mod h1:gdccVeARzKw/VxtT+6PNuu3LuNLVsFNFudea7qAH8W8=
